
Microsoft Visual Studio Solution File, Format Version 12.00
# Visual Studio Version 17
VisualStudioVersion = 17.3.32825.248
MinimumVisualStudioVersion = 10.0.40219.1
Project("{FAE04EC0-301F-11D3-BF4B-00C04F79EFBC}") = "JWTAuthentication", "JWTAuthentication\JWTAuthentication.csproj", "{4F87A34E-04BE-45FA-8517-0CBE5C5123C6}"
EndProject
Global
	GlobalSection(SolutionConfigurationPlatforms) = preSolution
		Debug|Any CPU = Debug|Any CPU
		Release|Any CPU = Release|Any CPU
	EndGlobalSection
	GlobalSection(ProjectConfigurationPlatforms) = postSolution
		{4F87A34E-04BE-45FA-8517-0CBE5C5123C6}.Debug|Any CPU.ActiveCfg = Debug|Any CPU
		{4F87A34E-04BE-45FA-8517-0CBE5C5123C6}.Debug|Any CPU.Build.0 = Debug|Any CPU
		{4F87A34E-04BE-45FA-8517-0CBE5C5123C6}.Release|Any CPU.ActiveCfg = Release|Any CPU
		{4F87A34E-04BE-45FA-8517-0CBE5C5123C6}.Release|Any CPU.Build.0 = Release|Any CPU
	EndGlobalSection
	GlobalSection(SolutionProperties) = preSolution
		HideSolutionNode = FALSE
	EndGlobalSection
	GlobalSection(ExtensibilityGlobals) = postSolution
		SolutionGuid = {A994B32E-9498-4A6D-ADBA-D5FA0270EA54}
	EndGlobalSection
EndGlobal
